// !$*UTF8*$!
{
	archiveVersion = 1;
	classes = {
	};
	objectVersion = 56;
	objects = {

/* Begin PBXBuildFile section */
		FB3F5D142BDC04BC00BC4892 /* main.mm in Sources */ = {isa = PBXBuildFile; fileRef = FB3F5D122BDC04BC00BC4892 /* main.mm */; };
		FB3F5D172BDC05DA00BC4892 /* Foundation.framework in Frameworks */ = {isa = PBXBuildFile; fileRef = FB3F5D162BDC05DA00BC4892 /* Foundation.framework */; settings = {ATTRIBUTES = (Required, ); }; };
		FB3F5D192BDC05E600BC4892 /* QuartzCore.framework in Frameworks */ = {isa = PBXBuildFile; fileRef = FB3F5D182BDC05E600BC4892 /* QuartzCore.framework */; };
		FB3F5D1B2BDC05EE00BC4892 /* Metal.framework in Frameworks */ = {isa = PBXBuildFile; fileRef = FB3F5D1A2BDC05EE00BC4892 /* Metal.framework */; };
		FB90E13F2BE977D2004B4083 /* Renderer.cpp in Sources */ = {isa = PBXBuildFile; fileRef = FB90E13A2BE977D2004B4083 /* Renderer.cpp */; };
		FB90E1402BE977D2004B4083 /* shader_reader.c in Sources */ = {isa = PBXBuildFile; fileRef = FB90E13C2BE977D2004B4083 /* shader_reader.c */; };
		FB90E1432BE977DC004B4083 /* log.c in Sources */ = {isa = PBXBuildFile; fileRef = FB90E1412BE977DC004B4083 /* log.c */; };
		FBA5CD102BE957C200398435 /* MetalApp.mm in Sources */ = {isa = PBXBuildFile; fileRef = FBA5CD0E2BE957C200398435 /* MetalApp.mm */; };
		FBA5CD142BE9628500398435 /* libglfw.3.4.dylib in Frameworks */ = {isa = PBXBuildFile; fileRef = FBA5CD132BE9628500398435 /* libglfw.3.4.dylib */; };
/* End PBXBuildFile section */

/* Begin PBXCopyFilesBuildPhase section */
		FBB60DDD2BDC03E50029473C /* CopyFiles */ = {
			isa = PBXCopyFilesBuildPhase;
			buildActionMask = 2147483647;
			dstPath = /usr/share/man/man1/;
			dstSubfolderSpec = 0;
			files = (
			);
			runOnlyForDeploymentPostprocessing = 1;
		};
/* End PBXCopyFilesBuildPhase section */

/* Begin PBXFileReference section */
		FB3C530A2BE2702700240FA8 /* common.h */ = {isa = PBXFileReference; fileEncoding = 4; lastKnownFileType = sourcecode.c.h; path = common.h; sourceTree = "<group>"; };
		FB3F5D122BDC04BC00BC4892 /* main.mm */ = {isa = PBXFileReference; fileEncoding = 4; lastKnownFileType = sourcecode.cpp.objcpp; path = main.mm; sourceTree = "<group>"; };
		FB3F5D162BDC05DA00BC4892 /* Foundation.framework */ = {isa = PBXFileReference; lastKnownFileType = wrapper.framework; name = Foundation.framework; path = System/Library/Frameworks/Foundation.framework; sourceTree = SDKROOT; };
		FB3F5D182BDC05E600BC4892 /* QuartzCore.framework */ = {isa = PBXFileReference; lastKnownFileType = wrapper.framework; name = QuartzCore.framework; path = System/Library/Frameworks/QuartzCore.framework; sourceTree = SDKROOT; };
		FB3F5D1A2BDC05EE00BC4892 /* Metal.framework */ = {isa = PBXFileReference; lastKnownFileType = wrapper.framework; name = Metal.framework; path = System/Library/Frameworks/Metal.framework; sourceTree = SDKROOT; };
		FB3F5D1C2BDC068000BC4892 /* Metal.hpp */ = {isa = PBXFileReference; fileEncoding = 4; lastKnownFileType = sourcecode.cpp.h; path = Metal.hpp; sourceTree = "<group>"; };
		FB41C0542BE5754900927906 /* binning.metal */ = {isa = PBXFileReference; lastKnownFileType = sourcecode.metal; path = binning.metal; sourceTree = "<group>"; };
		FB90E1392BE977D2004B4083 /* DynamicBuffer.h */ = {isa = PBXFileReference; fileEncoding = 4; lastKnownFileType = sourcecode.c.h; path = DynamicBuffer.h; sourceTree = "<group>"; };
		FB90E13A2BE977D2004B4083 /* Renderer.cpp */ = {isa = PBXFileReference; fileEncoding = 4; lastKnownFileType = sourcecode.cpp.cpp; path = Renderer.cpp; sourceTree = "<group>"; };
		FB90E13B2BE977D2004B4083 /* Renderer.h */ = {isa = PBXFileReference; fileEncoding = 4; lastKnownFileType = sourcecode.c.h; path = Renderer.h; sourceTree = "<group>"; };
		FB90E13C2BE977D2004B4083 /* shader_reader.c */ = {isa = PBXFileReference; fileEncoding = 4; lastKnownFileType = sourcecode.c.c; path = shader_reader.c; sourceTree = "<group>"; };
		FB90E13D2BE977D2004B4083 /* shader_reader.h */ = {isa = PBXFileReference; fileEncoding = 4; lastKnownFileType = sourcecode.c.h; path = shader_reader.h; sourceTree = "<group>"; };
		FB90E1412BE977DC004B4083 /* log.c */ = {isa = PBXFileReference; fileEncoding = 4; lastKnownFileType = sourcecode.c.c; path = log.c; sourceTree = "<group>"; };
		FB90E1422BE977DC004B4083 /* log.h */ = {isa = PBXFileReference; fileEncoding = 4; lastKnownFileType = sourcecode.c.h; path = log.h; sourceTree = "<group>"; };
		FBA5CD0D2BE931EB00398435 /* collision.h */ = {isa = PBXFileReference; lastKnownFileType = sourcecode.c.h; path = collision.h; sourceTree = "<group>"; };
		FBA5CD0E2BE957C200398435 /* MetalApp.mm */ = {isa = PBXFileReference; fileEncoding = 4; lastKnownFileType = sourcecode.cpp.objcpp; path = MetalApp.mm; sourceTree = "<group>"; };
		FBA5CD0F2BE957C200398435 /* MetalApp.h */ = {isa = PBXFileReference; fileEncoding = 4; lastKnownFileType = sourcecode.c.h; path = MetalApp.h; sourceTree = "<group>"; };
		FBA5CD132BE9628500398435 /* libglfw.3.4.dylib */ = {isa = PBXFileReference; lastKnownFileType = "compiled.mach-o.dylib"; name = libglfw.3.4.dylib; path = ../../../../../../opt/homebrew/Cellar/glfw/3.4/lib/libglfw.3.4.dylib; sourceTree = "<group>"; };
		FBB60DDF2BDC03E50029473C /* GPU2DComposer */ = {isa = PBXFileReference; explicitFileType = "compiled.mach-o.executable"; includeInIndex = 0; path = GPU2DComposer; sourceTree = BUILT_PRODUCTS_DIR; };
/* End PBXFileReference section */

/* Begin PBXFrameworksBuildPhase section */
		FBB60DDC2BDC03E50029473C /* Frameworks */ = {
			isa = PBXFrameworksBuildPhase;
			buildActionMask = 2147483647;
			files = (
				FBA5CD142BE9628500398435 /* libglfw.3.4.dylib in Frameworks */,
				FB3F5D1B2BDC05EE00BC4892 /* Metal.framework in Frameworks */,
				FB3F5D192BDC05E600BC4892 /* QuartzCore.framework in Frameworks */,
				FB3F5D172BDC05DA00BC4892 /* Foundation.framework in Frameworks */,
			);
			runOnlyForDeploymentPostprocessing = 0;
		};
/* End PBXFrameworksBuildPhase section */

/* Begin PBXGroup section */
		FB3C530C2BE2702700240FA8 /* shaders */ = {
			isa = PBXGroup;
			children = (
				FBA5CD0D2BE931EB00398435 /* collision.h */,
				FB3C530A2BE2702700240FA8 /* common.h */,
				FB41C0542BE5754900927906 /* binning.metal */,
			);
			path = shaders;
			sourceTree = "<group>";
		};
		FB3F5D132BDC04BC00BC4892 /* src */ = {
			isa = PBXGroup;
			children = (
				FB90E1412BE977DC004B4083 /* log.c */,
				FB90E1422BE977DC004B4083 /* log.h */,
				FB90E13E2BE977D2004B4083 /* renderer */,
				FBA5CD0F2BE957C200398435 /* MetalApp.h */,
				FBA5CD0E2BE957C200398435 /* MetalApp.mm */,
				FB3C530C2BE2702700240FA8 /* shaders */,
				FB3F5D1C2BDC068000BC4892 /* Metal.hpp */,
				FB3F5D122BDC04BC00BC4892 /* main.mm */,
			);
			name = src;
			path = ../src;
			sourceTree = "<group>";
		};
		FB3F5D152BDC05DA00BC4892 /* Frameworks */ = {
			isa = PBXGroup;
			children = (
				FBA5CD132BE9628500398435 /* libglfw.3.4.dylib */,
				FB3F5D1A2BDC05EE00BC4892 /* Metal.framework */,
				FB3F5D182BDC05E600BC4892 /* QuartzCore.framework */,
				FB3F5D162BDC05DA00BC4892 /* Foundation.framework */,
			);
			name = Frameworks;
			sourceTree = "<group>";
		};
		FB90E13E2BE977D2004B4083 /* renderer */ = {
			isa = PBXGroup;
			children = (
				FB90E1392BE977D2004B4083 /* DynamicBuffer.h */,
				FB90E13A2BE977D2004B4083 /* Renderer.cpp */,
				FB90E13B2BE977D2004B4083 /* Renderer.h */,
				FB90E13C2BE977D2004B4083 /* shader_reader.c */,
				FB90E13D2BE977D2004B4083 /* shader_reader.h */,
			);
			path = renderer;
			sourceTree = "<group>";
		};
		FBB60DD62BDC03E50029473C = {
			isa = PBXGroup;
			children = (
				FB3F5D132BDC04BC00BC4892 /* src */,
				FBB60DE02BDC03E50029473C /* Products */,
				FB3F5D152BDC05DA00BC4892 /* Frameworks */,
			);
			sourceTree = "<group>";
		};
		FBB60DE02BDC03E50029473C /* Products */ = {
			isa = PBXGroup;
			children = (
				FBB60DDF2BDC03E50029473C /* GPU2DComposer */,
			);
			name = Products;
			sourceTree = "<group>";
		};
/* End PBXGroup section */

/* Begin PBXNativeTarget section */
		FBB60DDE2BDC03E50029473C /* GPU2DComposer */ = {
			isa = PBXNativeTarget;
			buildConfigurationList = FBB60DE62BDC03E50029473C /* Build configuration list for PBXNativeTarget "GPU2DComposer" */;
			buildPhases = (
				FBB60DDB2BDC03E50029473C /* Sources */,
				FBB60DDC2BDC03E50029473C /* Frameworks */,
				FBB60DDD2BDC03E50029473C /* CopyFiles */,
			);
			buildRules = (
			);
			dependencies = (
			);
			name = GPU2DComposer;
			productName = GPU2DComposer;
			productReference = FBB60DDF2BDC03E50029473C /* GPU2DComposer */;
			productType = "com.apple.product-type.tool";
		};
/* End PBXNativeTarget section */

/* Begin PBXProject section */
		FBB60DD72BDC03E50029473C /* Project object */ = {
			isa = PBXProject;
			attributes = {
				BuildIndependentTargetsInParallel = 1;
				LastUpgradeCheck = 1530;
				TargetAttributes = {
					FBB60DDE2BDC03E50029473C = {
						CreatedOnToolsVersion = 15.3;
					};
				};
			};
			buildConfigurationList = FBB60DDA2BDC03E50029473C /* Build configuration list for PBXProject "GPU2DComposer" */;
			compatibilityVersion = "Xcode 14.0";
			developmentRegion = en;
			hasScannedForEncodings = 0;
			knownRegions = (
				en,
				Base,
			);
			mainGroup = FBB60DD62BDC03E50029473C;
			productRefGroup = FBB60DE02BDC03E50029473C /* Products */;
			projectDirPath = "";
			projectRoot = "";
			targets = (
				FBB60DDE2BDC03E50029473C /* GPU2DComposer */,
			);
		};
/* End PBXProject section */

/* Begin PBXSourcesBuildPhase section */
		FBB60DDB2BDC03E50029473C /* Sources */ = {
			isa = PBXSourcesBuildPhase;
			buildActionMask = 2147483647;
			files = (
				FB90E13F2BE977D2004B4083 /* Renderer.cpp in Sources */,
				FB90E1402BE977D2004B4083 /* shader_reader.c in Sources */,
				FB90E1432BE977DC004B4083 /* log.c in Sources */,
				FB3F5D142BDC04BC00BC4892 /* main.mm in Sources */,
				FBA5CD102BE957C200398435 /* MetalApp.mm in Sources */,
			);
			runOnlyForDeploymentPostprocessing = 0;
		};
/* End PBXSourcesBuildPhase section */

/* Begin XCBuildConfiguration section */
		FBB60DE42BDC03E50029473C /* Debug */ = {
			isa = XCBuildConfiguration;
			buildSettings = {
				ALWAYS_SEARCH_USER_PATHS = NO;
				ASSETCATALOG_COMPILER_GENERATE_SWIFT_ASSET_SYMBOL_EXTENSIONS = YES;
				CLANG_ANALYZER_NONNULL = YES;
				CLANG_ANALYZER_NUMBER_OBJECT_CONVERSION = YES_AGGRESSIVE;
				CLANG_CXX_LANGUAGE_STANDARD = "gnu++20";
				CLANG_ENABLE_MODULES = YES;
				CLANG_ENABLE_OBJC_ARC = YES;
				CLANG_ENABLE_OBJC_WEAK = YES;
				CLANG_WARN_BLOCK_CAPTURE_AUTORELEASING = YES;
				CLANG_WARN_BOOL_CONVERSION = YES;
				CLANG_WARN_COMMA = YES;
				CLANG_WARN_CONSTANT_CONVERSION = YES;
				CLANG_WARN_DEPRECATED_OBJC_IMPLEMENTATIONS = YES;
				CLANG_WARN_DIRECT_OBJC_ISA_USAGE = YES_ERROR;
				CLANG_WARN_DOCUMENTATION_COMMENTS = YES;
				CLANG_WARN_EMPTY_BODY = YES;
				CLANG_WARN_ENUM_CONVERSION = YES;
				CLANG_WARN_INFINITE_RECURSION = YES;
				CLANG_WARN_INT_CONVERSION = YES;
				CLANG_WARN_NON_LITERAL_NULL_CONVERSION = YES;
				CLANG_WARN_OBJC_IMPLICIT_RETAIN_SELF = YES;
				CLANG_WARN_OBJC_LITERAL_CONVERSION = YES;
				CLANG_WARN_OBJC_ROOT_CLASS = YES_ERROR;
				CLANG_WARN_QUOTED_INCLUDE_IN_FRAMEWORK_HEADER = YES;
				CLANG_WARN_RANGE_LOOP_ANALYSIS = YES;
				CLANG_WARN_STRICT_PROTOTYPES = YES;
				CLANG_WARN_SUSPICIOUS_MOVE = YES;
				CLANG_WARN_UNGUARDED_AVAILABILITY = YES_AGGRESSIVE;
				CLANG_WARN_UNREACHABLE_CODE = YES;
				CLANG_WARN__DUPLICATE_METHOD_MATCH = YES;
				COPY_PHASE_STRIP = NO;
				DEBUG_INFORMATION_FORMAT = dwarf;
				ENABLE_STRICT_OBJC_MSGSEND = YES;
				ENABLE_TESTABILITY = YES;
				ENABLE_USER_SCRIPT_SANDBOXING = YES;
				GCC_C_LANGUAGE_STANDARD = gnu17;
				GCC_DYNAMIC_NO_PIC = NO;
				GCC_NO_COMMON_BLOCKS = YES;
				GCC_OPTIMIZATION_LEVEL = 0;
				GCC_PREPROCESSOR_DEFINITIONS = (
					"DEBUG=1",
					"$(inherited)",
				);
				GCC_WARN_64_TO_32_BIT_CONVERSION = YES;
				GCC_WARN_ABOUT_RETURN_TYPE = YES_ERROR;
				GCC_WARN_UNDECLARED_SELECTOR = YES;
				GCC_WARN_UNINITIALIZED_AUTOS = YES_AGGRESSIVE;
				GCC_WARN_UNUSED_FUNCTION = YES;
				GCC_WARN_UNUSED_VARIABLE = YES;
				"HEADER_SEARCH_PATHS[arch=*]" = /opt/homebrew/Cellar/glfw/3.4/include;
				LOCALIZATION_PREFERS_STRING_CATALOGS = YES;
				MACOSX_DEPLOYMENT_TARGET = 14.4;
				MTL_ENABLE_DEBUG_INFO = INCLUDE_SOURCE;
				MTL_FAST_MATH = YES;
				ONLY_ACTIVE_ARCH = YES;
				SDKROOT = macosx;
			};
			name = Debug;
		};
		FBB60DE52BDC03E50029473C /* Release */ = {
			isa = XCBuildConfiguration;
			buildSettings = {
				ALWAYS_SEARCH_USER_PATHS = NO;
				ASSETCATALOG_COMPILER_GENERATE_SWIFT_ASSET_SYMBOL_EXTENSIONS = YES;
				CLANG_ANALYZER_NONNULL = YES;
				CLANG_ANALYZER_NUMBER_OBJECT_CONVERSION = YES_AGGRESSIVE;
				CLANG_CXX_LANGUAGE_STANDARD = "gnu++20";
				CLANG_ENABLE_MODULES = YES;
				CLANG_ENABLE_OBJC_ARC = YES;
				CLANG_ENABLE_OBJC_WEAK = YES;
				CLANG_WARN_BLOCK_CAPTURE_AUTORELEASING = YES;
				CLANG_WARN_BOOL_CONVERSION = YES;
				CLANG_WARN_COMMA = YES;
				CLANG_WARN_CONSTANT_CONVERSION = YES;
				CLANG_WARN_DEPRECATED_OBJC_IMPLEMENTATIONS = YES;
				CLANG_WARN_DIRECT_OBJC_ISA_USAGE = YES_ERROR;
				CLANG_WARN_DOCUMENTATION_COMMENTS = YES;
				CLANG_WARN_EMPTY_BODY = YES;
				CLANG_WARN_ENUM_CONVERSION = YES;
				CLANG_WARN_INFINITE_RECURSION = YES;
				CLANG_WARN_INT_CONVERSION = YES;
				CLANG_WARN_NON_LITERAL_NULL_CONVERSION = YES;
				CLANG_WARN_OBJC_IMPLICIT_RETAIN_SELF = YES;
				CLANG_WARN_OBJC_LITERAL_CONVERSION = YES;
				CLANG_WARN_OBJC_ROOT_CLASS = YES_ERROR;
				CLANG_WARN_QUOTED_INCLUDE_IN_FRAMEWORK_HEADER = YES;
				CLANG_WARN_RANGE_LOOP_ANALYSIS = YES;
				CLANG_WARN_STRICT_PROTOTYPES = YES;
				CLANG_WARN_SUSPICIOUS_MOVE = YES;
				CLANG_WARN_UNGUARDED_AVAILABILITY = YES_AGGRESSIVE;
				CLANG_WARN_UNREACHABLE_CODE = YES;
				CLANG_WARN__DUPLICATE_METHOD_MATCH = YES;
				COPY_PHASE_STRIP = NO;
				DEBUG_INFORMATION_FORMAT = "dwarf-with-dsym";
				ENABLE_NS_ASSERTIONS = NO;
				ENABLE_STRICT_OBJC_MSGSEND = YES;
				ENABLE_USER_SCRIPT_SANDBOXING = YES;
				GCC_C_LANGUAGE_STANDARD = gnu17;
				GCC_NO_COMMON_BLOCKS = YES;
				GCC_OPTIMIZATION_LEVEL = 3;
				GCC_WARN_64_TO_32_BIT_CONVERSION = YES;
				GCC_WARN_ABOUT_RETURN_TYPE = YES_ERROR;
				GCC_WARN_UNDECLARED_SELECTOR = YES;
				GCC_WARN_UNINITIALIZED_AUTOS = YES_AGGRESSIVE;
				GCC_WARN_UNUSED_FUNCTION = YES;
				GCC_WARN_UNUSED_VARIABLE = YES;
				"HEADER_SEARCH_PATHS[arch=*]" = /opt/homebrew/Cellar/glfw/3.4/include;
				LOCALIZATION_PREFERS_STRING_CATALOGS = YES;
				MACOSX_DEPLOYMENT_TARGET = 14.4;
				MTL_ENABLE_DEBUG_INFO = NO;
				MTL_FAST_MATH = YES;
				SDKROOT = macosx;
			};
			name = Release;
		};
		FBB60DE72BDC03E50029473C /* Debug */ = {
			isa = XCBuildConfiguration;
			buildSettings = {
				CODE_SIGN_STYLE = Automatic;
				LIBRARY_SEARCH_PATHS = (
					"$(inherited)",
					/opt/homebrew/Cellar/glfw/3.4/lib,
				);
				PRODUCT_NAME = "$(TARGET_NAME)";
			};
			name = Debug;
		};
		FBB60DE82BDC03E50029473C /* Release */ = {
			isa = XCBuildConfiguration;
			buildSettings = {
				CODE_SIGN_STYLE = Automatic;
				LIBRARY_SEARCH_PATHS = (
					"$(inherited)",
					/opt/homebrew/Cellar/glfw/3.4/lib,
				);
				PRODUCT_NAME = "$(TARGET_NAME)";
			};
			name = Release;
		};
/* End XCBuildConfiguration section */

/* Begin XCConfigurationList section */
		FBB60DDA2BDC03E50029473C /* Build configuration list for PBXProject "GPU2DComposer" */ = {
			isa = XCConfigurationList;
			buildConfigurations = (
				FBB60DE42BDC03E50029473C /* Debug */,
				FBB60DE52BDC03E50029473C /* Release */,
			);
			defaultConfigurationIsVisible = 0;
			defaultConfigurationName = Release;
		};
		FBB60DE62BDC03E50029473C /* Build configuration list for PBXNativeTarget "GPU2DComposer" */ = {
			isa = XCConfigurationList;
			buildConfigurations = (
				FBB60DE72BDC03E50029473C /* Debug */,
				FBB60DE82BDC03E50029473C /* Release */,
			);
			defaultConfigurationIsVisible = 0;
			defaultConfigurationName = Release;
		};
/* End XCConfigurationList section */
	};
	rootObject = FBB60DD72BDC03E50029473C /* Project object */;
}
