// !$*UTF8*$!
{
	archiveVersion = 1;
	classes = {
	};
	objectVersion = 56;
	objects = {

/* Begin PBXBuildFile section */
		FB28233A2BF2D8A7009FC4FD /* log.c in Sources */ = {isa = PBXBuildFile; fileRef = FB2823352BF2D8A7009FC4FD /* log.c */; };
		FB3F5D142BDC04BC00BC4892 /* main.mm in Sources */ = {isa = PBXBuildFile; fileRef = FB3F5D122BDC04BC00BC4892 /* main.mm */; };
		FB3F5D172BDC05DA00BC4892 /* Foundation.framework in Frameworks */ = {isa = PBXBuildFile; fileRef = FB3F5D162BDC05DA00BC4892 /* Foundation.framework */; settings = {ATTRIBUTES = (Required, ); }; };
		FB3F5D192BDC05E600BC4892 /* QuartzCore.framework in Frameworks */ = {isa = PBXBuildFile; fileRef = FB3F5D182BDC05E600BC4892 /* QuartzCore.framework */; };
		FB3F5D1B2BDC05EE00BC4892 /* Metal.framework in Frameworks */ = {isa = PBXBuildFile; fileRef = FB3F5D1A2BDC05EE00BC4892 /* Metal.framework */; };
		FB4011B72CD27CF00018C19C /* MouseCursors.cpp in Sources */ = {isa = PBXBuildFile; fileRef = FB4011B62CD27CF00018C19C /* MouseCursors.cpp */; };
		FB6341C32C1099A1003F8DE7 /* microui.c in Sources */ = {isa = PBXBuildFile; fileRef = FB6341C12C10963E003F8DE7 /* microui.c */; };
		FB6C49712BE9BFAE00F2926D /* MetalLayerHelper.mm in Sources */ = {isa = PBXBuildFile; fileRef = FB6C496F2BE9BFAE00F2926D /* MetalLayerHelper.mm */; };
		FB6C49742BE9C15600F2926D /* App.cpp in Sources */ = {isa = PBXBuildFile; fileRef = FB6C49722BE9C15600F2926D /* App.cpp */; };
		FB8C687F2CDB003A007875D7 /* inside.c in Sources */ = {isa = PBXBuildFile; fileRef = FB8C687D2CDB003A007875D7 /* inside.c */; };
		FB90E13F2BE977D2004B4083 /* Renderer.cpp in Sources */ = {isa = PBXBuildFile; fileRef = FB90E13A2BE977D2004B4083 /* Renderer.cpp */; };
		FB90E1402BE977D2004B4083 /* shader_reader.c in Sources */ = {isa = PBXBuildFile; fileRef = FB90E13C2BE977D2004B4083 /* shader_reader.c */; };
		FB93DDEE2CC93DF800608C34 /* Editor.cpp in Sources */ = {isa = PBXBuildFile; fileRef = FB93DDEA2CC93DF800608C34 /* Editor.cpp */; };
		FB93DDEF2CC93DF800608C34 /* ShapesStack.cpp in Sources */ = {isa = PBXBuildFile; fileRef = FB93DDED2CC93DF800608C34 /* ShapesStack.cpp */; };
		FBA57B472CB081460033DD9A /* sokol_time.c in Sources */ = {isa = PBXBuildFile; fileRef = FBA57B462CB081460033DD9A /* sokol_time.c */; };
		FBA5CD142BE9628500398435 /* libglfw.3.4.dylib in Frameworks */ = {isa = PBXBuildFile; fileRef = FBA5CD132BE9628500398435 /* libglfw.3.4.dylib */; };
		FBB617702CD31A6000B80BA3 /* format.c in Sources */ = {isa = PBXBuildFile; fileRef = FBB6176E2CD31A6000B80BA3 /* format.c */; };
/* End PBXBuildFile section */

/* Begin PBXCopyFilesBuildPhase section */
		FBB60DDD2BDC03E50029473C /* CopyFiles */ = {
			isa = PBXCopyFilesBuildPhase;
			buildActionMask = 2147483647;
			dstPath = /usr/share/man/man1/;
			dstSubfolderSpec = 0;
			files = (
			);
			runOnlyForDeploymentPostprocessing = 1;
		};
/* End PBXCopyFilesBuildPhase section */

/* Begin PBXFileReference section */
		FB2646BE2BF7F630009B2403 /* rasterizer.metal */ = {isa = PBXFileReference; lastKnownFileType = sourcecode.metal; path = rasterizer.metal; sourceTree = "<group>"; };
		FB2646BF2BF7F630009B2403 /* sdf.h */ = {isa = PBXFileReference; lastKnownFileType = sourcecode.c.h; path = sdf.h; sourceTree = "<group>"; };
		FB2823352BF2D8A7009FC4FD /* log.c */ = {isa = PBXFileReference; fileEncoding = 4; lastKnownFileType = sourcecode.c.c; path = log.c; sourceTree = "<group>"; };
		FB2823362BF2D8A7009FC4FD /* log.h */ = {isa = PBXFileReference; fileEncoding = 4; lastKnownFileType = sourcecode.c.h; path = log.h; sourceTree = "<group>"; };
		FB2823372BF2D8A7009FC4FD /* PushArray.h */ = {isa = PBXFileReference; fileEncoding = 4; lastKnownFileType = sourcecode.c.h; path = PushArray.h; sourceTree = "<group>"; };
		FB2823382BF2D8A7009FC4FD /* random.h */ = {isa = PBXFileReference; fileEncoding = 4; lastKnownFileType = sourcecode.c.h; path = random.h; sourceTree = "<group>"; };
		FB3C530A2BE2702700240FA8 /* common.h */ = {isa = PBXFileReference; fileEncoding = 4; lastKnownFileType = sourcecode.c.h; path = common.h; sourceTree = "<group>"; };
		FB3F5D122BDC04BC00BC4892 /* main.mm */ = {isa = PBXFileReference; fileEncoding = 4; lastKnownFileType = sourcecode.cpp.objcpp; path = main.mm; sourceTree = "<group>"; };
		FB3F5D162BDC05DA00BC4892 /* Foundation.framework */ = {isa = PBXFileReference; lastKnownFileType = wrapper.framework; name = Foundation.framework; path = System/Library/Frameworks/Foundation.framework; sourceTree = SDKROOT; };
		FB3F5D182BDC05E600BC4892 /* QuartzCore.framework */ = {isa = PBXFileReference; lastKnownFileType = wrapper.framework; name = QuartzCore.framework; path = System/Library/Frameworks/QuartzCore.framework; sourceTree = SDKROOT; };
		FB3F5D1A2BDC05EE00BC4892 /* Metal.framework */ = {isa = PBXFileReference; lastKnownFileType = wrapper.framework; name = Metal.framework; path = System/Library/Frameworks/Metal.framework; sourceTree = SDKROOT; };
		FB3F5D1C2BDC068000BC4892 /* Metal.hpp */ = {isa = PBXFileReference; fileEncoding = 4; lastKnownFileType = sourcecode.cpp.h; path = Metal.hpp; sourceTree = "<group>"; };
		FB4011B32CD27CE00018C19C /* cc.h */ = {isa = PBXFileReference; lastKnownFileType = sourcecode.c.h; path = cc.h; sourceTree = "<group>"; };
		FB4011B42CD27CE00018C19C /* Singleton.h */ = {isa = PBXFileReference; lastKnownFileType = sourcecode.c.h; path = Singleton.h; sourceTree = "<group>"; };
		FB4011B52CD27CF00018C19C /* MouseCursors.h */ = {isa = PBXFileReference; lastKnownFileType = sourcecode.c.h; path = MouseCursors.h; sourceTree = "<group>"; };
		FB4011B62CD27CF00018C19C /* MouseCursors.cpp */ = {isa = PBXFileReference; lastKnownFileType = sourcecode.cpp.cpp; path = MouseCursors.cpp; sourceTree = "<group>"; };
		FB41C0542BE5754900927906 /* binning.metal */ = {isa = PBXFileReference; lastKnownFileType = sourcecode.metal; path = binning.metal; sourceTree = "<group>"; };
		FB6341C12C10963E003F8DE7 /* microui.c */ = {isa = PBXFileReference; lastKnownFileType = sourcecode.c.c; path = microui.c; sourceTree = "<group>"; };
		FB6341C22C10963E003F8DE7 /* microui.h */ = {isa = PBXFileReference; lastKnownFileType = sourcecode.c.h; path = microui.h; sourceTree = "<group>"; };
		FB6627942C0F3BAD006FB655 /* font9x16.h */ = {isa = PBXFileReference; lastKnownFileType = sourcecode.c.h; path = font9x16.h; sourceTree = "<group>"; };
		FB6C496F2BE9BFAE00F2926D /* MetalLayerHelper.mm */ = {isa = PBXFileReference; fileEncoding = 4; lastKnownFileType = sourcecode.cpp.objcpp; path = MetalLayerHelper.mm; sourceTree = "<group>"; };
		FB6C49702BE9BFAE00F2926D /* MetalLayerHelper.h */ = {isa = PBXFileReference; fileEncoding = 4; lastKnownFileType = sourcecode.c.h; path = MetalLayerHelper.h; sourceTree = "<group>"; };
		FB6C49722BE9C15600F2926D /* App.cpp */ = {isa = PBXFileReference; fileEncoding = 4; lastKnownFileType = sourcecode.cpp.cpp; path = App.cpp; sourceTree = "<group>"; };
		FB6C49732BE9C15600F2926D /* App.h */ = {isa = PBXFileReference; fileEncoding = 4; lastKnownFileType = sourcecode.c.h; path = App.h; sourceTree = "<group>"; };
		FB8255502C8B9836005C34C1 /* color_ramp.h */ = {isa = PBXFileReference; lastKnownFileType = sourcecode.c.h; path = color_ramp.h; sourceTree = "<group>"; };
		FB8255512C8B9836005C34C1 /* float16.h */ = {isa = PBXFileReference; lastKnownFileType = sourcecode.c.h; path = float16.h; sourceTree = "<group>"; };
		FB8255522C8B9836005C34C1 /* vec2.h */ = {isa = PBXFileReference; lastKnownFileType = sourcecode.c.h; path = vec2.h; sourceTree = "<group>"; };
		FB861FA72CA20A9F00C63D00 /* operators.h */ = {isa = PBXFileReference; lastKnownFileType = sourcecode.c.h; path = operators.h; sourceTree = "<group>"; };
		FB8C687C2CDB003A007875D7 /* inside.h */ = {isa = PBXFileReference; lastKnownFileType = sourcecode.c.h; path = inside.h; sourceTree = "<group>"; };
		FB8C687D2CDB003A007875D7 /* inside.c */ = {isa = PBXFileReference; lastKnownFileType = sourcecode.c.c; path = inside.c; sourceTree = "<group>"; };
		FB8C687E2CDB003A007875D7 /* palettes.h */ = {isa = PBXFileReference; lastKnownFileType = sourcecode.c.h; path = palettes.h; sourceTree = "<group>"; };
		FB90E1392BE977D2004B4083 /* DynamicBuffer.h */ = {isa = PBXFileReference; fileEncoding = 4; lastKnownFileType = sourcecode.c.h; path = DynamicBuffer.h; sourceTree = "<group>"; };
		FB90E13A2BE977D2004B4083 /* Renderer.cpp */ = {isa = PBXFileReference; fileEncoding = 4; lastKnownFileType = sourcecode.cpp.cpp; path = Renderer.cpp; sourceTree = "<group>"; };
		FB90E13B2BE977D2004B4083 /* Renderer.h */ = {isa = PBXFileReference; fileEncoding = 4; lastKnownFileType = sourcecode.c.h; path = Renderer.h; sourceTree = "<group>"; };
		FB90E13C2BE977D2004B4083 /* shader_reader.c */ = {isa = PBXFileReference; fileEncoding = 4; lastKnownFileType = sourcecode.c.c; path = shader_reader.c; sourceTree = "<group>"; };
		FB90E13D2BE977D2004B4083 /* shader_reader.h */ = {isa = PBXFileReference; fileEncoding = 4; lastKnownFileType = sourcecode.c.h; path = shader_reader.h; sourceTree = "<group>"; };
		FB93DDE92CC93DF800608C34 /* Editor.h */ = {isa = PBXFileReference; lastKnownFileType = sourcecode.c.h; path = Editor.h; sourceTree = "<group>"; };
		FB93DDEA2CC93DF800608C34 /* Editor.cpp */ = {isa = PBXFileReference; lastKnownFileType = sourcecode.cpp.cpp; path = Editor.cpp; sourceTree = "<group>"; };
		FB93DDEB2CC93DF800608C34 /* Icons.h */ = {isa = PBXFileReference; lastKnownFileType = sourcecode.c.h; path = Icons.h; sourceTree = "<group>"; };
		FB93DDEC2CC93DF800608C34 /* ShapesStack.h */ = {isa = PBXFileReference; lastKnownFileType = sourcecode.c.h; path = ShapesStack.h; sourceTree = "<group>"; };
		FB93DDED2CC93DF800608C34 /* ShapesStack.cpp */ = {isa = PBXFileReference; lastKnownFileType = sourcecode.cpp.cpp; path = ShapesStack.cpp; sourceTree = "<group>"; };
		FBA57B442CB081460033DD9A /* aabb.h */ = {isa = PBXFileReference; lastKnownFileType = sourcecode.c.h; path = aabb.h; sourceTree = "<group>"; };
		FBA57B452CB081460033DD9A /* sokol_time.h */ = {isa = PBXFileReference; lastKnownFileType = sourcecode.c.h; path = sokol_time.h; sourceTree = "<group>"; };
		FBA57B462CB081460033DD9A /* sokol_time.c */ = {isa = PBXFileReference; lastKnownFileType = sourcecode.c.c; path = sokol_time.c; sourceTree = "<group>"; };
		FBA5CD0D2BE931EB00398435 /* collision.h */ = {isa = PBXFileReference; lastKnownFileType = sourcecode.c.h; path = collision.h; sourceTree = "<group>"; };
		FBA5CD132BE9628500398435 /* libglfw.3.4.dylib */ = {isa = PBXFileReference; lastKnownFileType = "compiled.mach-o.dylib"; name = libglfw.3.4.dylib; path = ../../../../../../opt/homebrew/Cellar/glfw/3.4/lib/libglfw.3.4.dylib; sourceTree = "<group>"; };
		FBB60DDF2BDC03E50029473C /* GPU2DComposer */ = {isa = PBXFileReference; explicitFileType = "compiled.mach-o.executable"; includeInIndex = 0; path = GPU2DComposer; sourceTree = BUILT_PRODUCTS_DIR; };
		FBB6176D2CD31A6000B80BA3 /* format.h */ = {isa = PBXFileReference; lastKnownFileType = sourcecode.c.h; path = format.h; sourceTree = "<group>"; };
		FBB6176E2CD31A6000B80BA3 /* format.c */ = {isa = PBXFileReference; lastKnownFileType = sourcecode.c.c; path = format.c; sourceTree = "<group>"; };
		FBEDE94F2CB6D797000B478D /* stateless.h */ = {isa = PBXFileReference; lastKnownFileType = sourcecode.c.h; path = stateless.h; sourceTree = "<group>"; };
/* End PBXFileReference section */

/* Begin PBXFrameworksBuildPhase section */
		FBB60DDC2BDC03E50029473C /* Frameworks */ = {
			isa = PBXFrameworksBuildPhase;
			buildActionMask = 2147483647;
			files = (
				FBA5CD142BE9628500398435 /* libglfw.3.4.dylib in Frameworks */,
				FB3F5D1B2BDC05EE00BC4892 /* Metal.framework in Frameworks */,
				FB3F5D192BDC05E600BC4892 /* QuartzCore.framework in Frameworks */,
				FB3F5D172BDC05DA00BC4892 /* Foundation.framework in Frameworks */,
			);
			runOnlyForDeploymentPostprocessing = 0;
		};
/* End PBXFrameworksBuildPhase section */

/* Begin PBXGroup section */
		FB2823392BF2D8A7009FC4FD /* system */ = {
			isa = PBXGroup;
			children = (
				FB8C687C2CDB003A007875D7 /* inside.h */,
				FB8C687D2CDB003A007875D7 /* inside.c */,
				FB8C687E2CDB003A007875D7 /* palettes.h */,
				FBB6176D2CD31A6000B80BA3 /* format.h */,
				FBB6176E2CD31A6000B80BA3 /* format.c */,
				FB4011B32CD27CE00018C19C /* cc.h */,
				FB4011B42CD27CE00018C19C /* Singleton.h */,
				FBEDE94F2CB6D797000B478D /* stateless.h */,
				FBA57B442CB081460033DD9A /* aabb.h */,
				FBA57B452CB081460033DD9A /* sokol_time.h */,
				FBA57B462CB081460033DD9A /* sokol_time.c */,
				FB8255502C8B9836005C34C1 /* color_ramp.h */,
				FB8255512C8B9836005C34C1 /* float16.h */,
				FB8255522C8B9836005C34C1 /* vec2.h */,
				FB6341C12C10963E003F8DE7 /* microui.c */,
				FB6341C22C10963E003F8DE7 /* microui.h */,
				FB2823352BF2D8A7009FC4FD /* log.c */,
				FB2823362BF2D8A7009FC4FD /* log.h */,
				FB2823372BF2D8A7009FC4FD /* PushArray.h */,
				FB2823382BF2D8A7009FC4FD /* random.h */,
			);
			path = system;
			sourceTree = "<group>";
		};
		FB3C530C2BE2702700240FA8 /* shaders */ = {
			isa = PBXGroup;
			children = (
				FB861FA72CA20A9F00C63D00 /* operators.h */,
				FB2646BE2BF7F630009B2403 /* rasterizer.metal */,
				FB2646BF2BF7F630009B2403 /* sdf.h */,
				FBA5CD0D2BE931EB00398435 /* collision.h */,
				FB3C530A2BE2702700240FA8 /* common.h */,
				FB41C0542BE5754900927906 /* binning.metal */,
			);
			path = shaders;
			sourceTree = "<group>";
		};
		FB3F5D132BDC04BC00BC4892 /* src */ = {
			isa = PBXGroup;
			children = (
				FB4011B52CD27CF00018C19C /* MouseCursors.h */,
				FB4011B62CD27CF00018C19C /* MouseCursors.cpp */,
				FB93DDE92CC93DF800608C34 /* Editor.h */,
				FB93DDEA2CC93DF800608C34 /* Editor.cpp */,
				FB93DDEB2CC93DF800608C34 /* Icons.h */,
				FB93DDEC2CC93DF800608C34 /* ShapesStack.h */,
				FB93DDED2CC93DF800608C34 /* ShapesStack.cpp */,
				FB3C530C2BE2702700240FA8 /* shaders */,
				FB90E13E2BE977D2004B4083 /* renderer */,
				FB2823392BF2D8A7009FC4FD /* system */,
				FB6C49722BE9C15600F2926D /* App.cpp */,
				FB6C49732BE9C15600F2926D /* App.h */,
				FB3F5D122BDC04BC00BC4892 /* main.mm */,
				FB3F5D1C2BDC068000BC4892 /* Metal.hpp */,
				FB6C49702BE9BFAE00F2926D /* MetalLayerHelper.h */,
				FB6C496F2BE9BFAE00F2926D /* MetalLayerHelper.mm */,
			);
			name = src;
			path = ../src;
			sourceTree = "<group>";
		};
		FB3F5D152BDC05DA00BC4892 /* Frameworks */ = {
			isa = PBXGroup;
			children = (
				FBA5CD132BE9628500398435 /* libglfw.3.4.dylib */,
				FB3F5D1A2BDC05EE00BC4892 /* Metal.framework */,
				FB3F5D182BDC05E600BC4892 /* QuartzCore.framework */,
				FB3F5D162BDC05DA00BC4892 /* Foundation.framework */,
			);
			name = Frameworks;
			sourceTree = "<group>";
		};
		FB90E13E2BE977D2004B4083 /* renderer */ = {
			isa = PBXGroup;
			children = (
				FB6627942C0F3BAD006FB655 /* font9x16.h */,
				FB90E1392BE977D2004B4083 /* DynamicBuffer.h */,
				FB90E13A2BE977D2004B4083 /* Renderer.cpp */,
				FB90E13B2BE977D2004B4083 /* Renderer.h */,
				FB90E13C2BE977D2004B4083 /* shader_reader.c */,
				FB90E13D2BE977D2004B4083 /* shader_reader.h */,
			);
			path = renderer;
			sourceTree = "<group>";
		};
		FBB60DD62BDC03E50029473C = {
			isa = PBXGroup;
			children = (
				FB3F5D132BDC04BC00BC4892 /* src */,
				FBB60DE02BDC03E50029473C /* Products */,
				FB3F5D152BDC05DA00BC4892 /* Frameworks */,
			);
			sourceTree = "<group>";
		};
		FBB60DE02BDC03E50029473C /* Products */ = {
			isa = PBXGroup;
			children = (
				FBB60DDF2BDC03E50029473C /* GPU2DComposer */,
			);
			name = Products;
			sourceTree = "<group>";
		};
/* End PBXGroup section */

/* Begin PBXNativeTarget section */
		FBB60DDE2BDC03E50029473C /* GPU2DComposer */ = {
			isa = PBXNativeTarget;
			buildConfigurationList = FBB60DE62BDC03E50029473C /* Build configuration list for PBXNativeTarget "GPU2DComposer" */;
			buildPhases = (
				FBB60DDB2BDC03E50029473C /* Sources */,
				FBB60DDC2BDC03E50029473C /* Frameworks */,
				FBB60DDD2BDC03E50029473C /* CopyFiles */,
			);
			buildRules = (
			);
			dependencies = (
			);
			name = GPU2DComposer;
			productName = GPU2DComposer;
			productReference = FBB60DDF2BDC03E50029473C /* GPU2DComposer */;
			productType = "com.apple.product-type.tool";
		};
/* End PBXNativeTarget section */

/* Begin PBXProject section */
		FBB60DD72BDC03E50029473C /* Project object */ = {
			isa = PBXProject;
			attributes = {
				BuildIndependentTargetsInParallel = 1;
				LastUpgradeCheck = 1600;
				TargetAttributes = {
					FBB60DDE2BDC03E50029473C = {
						CreatedOnToolsVersion = 15.3;
					};
				};
			};
			buildConfigurationList = FBB60DDA2BDC03E50029473C /* Build configuration list for PBXProject "GPU2DComposer" */;
			compatibilityVersion = "Xcode 14.0";
			developmentRegion = en;
			hasScannedForEncodings = 0;
			knownRegions = (
				en,
				Base,
			);
			mainGroup = FBB60DD62BDC03E50029473C;
			productRefGroup = FBB60DE02BDC03E50029473C /* Products */;
			projectDirPath = "";
			projectRoot = "";
			targets = (
				FBB60DDE2BDC03E50029473C /* GPU2DComposer */,
			);
		};
/* End PBXProject section */

/* Begin PBXSourcesBuildPhase section */
		FBB60DDB2BDC03E50029473C /* Sources */ = {
			isa = PBXSourcesBuildPhase;
			buildActionMask = 2147483647;
			files = (
				FB6341C32C1099A1003F8DE7 /* microui.c in Sources */,
				FB28233A2BF2D8A7009FC4FD /* log.c in Sources */,
				FB4011B72CD27CF00018C19C /* MouseCursors.cpp in Sources */,
				FB6C49712BE9BFAE00F2926D /* MetalLayerHelper.mm in Sources */,
				FBA57B472CB081460033DD9A /* sokol_time.c in Sources */,
				FB90E13F2BE977D2004B4083 /* Renderer.cpp in Sources */,
				FB8C687F2CDB003A007875D7 /* inside.c in Sources */,
				FB90E1402BE977D2004B4083 /* shader_reader.c in Sources */,
				FB6C49742BE9C15600F2926D /* App.cpp in Sources */,
				FB93DDEE2CC93DF800608C34 /* Editor.cpp in Sources */,
				FB93DDEF2CC93DF800608C34 /* ShapesStack.cpp in Sources */,
				FBB617702CD31A6000B80BA3 /* format.c in Sources */,
				FB3F5D142BDC04BC00BC4892 /* main.mm in Sources */,
			);
			runOnlyForDeploymentPostprocessing = 0;
		};
/* End PBXSourcesBuildPhase section */

/* Begin XCBuildConfiguration section */
		FBB60DE42BDC03E50029473C /* Debug */ = {
			isa = XCBuildConfiguration;
			buildSettings = {
				ALWAYS_SEARCH_USER_PATHS = NO;
				ASSETCATALOG_COMPILER_GENERATE_SWIFT_ASSET_SYMBOL_EXTENSIONS = YES;
				CLANG_ANALYZER_NONNULL = YES;
				CLANG_ANALYZER_NUMBER_OBJECT_CONVERSION = YES_AGGRESSIVE;
				CLANG_CXX_LANGUAGE_STANDARD = "gnu++20";
				CLANG_ENABLE_MODULES = YES;
				CLANG_ENABLE_OBJC_ARC = YES;
				CLANG_ENABLE_OBJC_WEAK = YES;
				CLANG_WARN_BLOCK_CAPTURE_AUTORELEASING = YES;
				CLANG_WARN_BOOL_CONVERSION = YES;
				CLANG_WARN_COMMA = YES;
				CLANG_WARN_CONSTANT_CONVERSION = YES;
				CLANG_WARN_DEPRECATED_OBJC_IMPLEMENTATIONS = YES;
				CLANG_WARN_DIRECT_OBJC_ISA_USAGE = YES_ERROR;
				CLANG_WARN_DOCUMENTATION_COMMENTS = YES;
				CLANG_WARN_EMPTY_BODY = YES;
				CLANG_WARN_ENUM_CONVERSION = YES;
				CLANG_WARN_INFINITE_RECURSION = YES;
				CLANG_WARN_INT_CONVERSION = YES;
				CLANG_WARN_NON_LITERAL_NULL_CONVERSION = YES;
				CLANG_WARN_OBJC_IMPLICIT_RETAIN_SELF = YES;
				CLANG_WARN_OBJC_LITERAL_CONVERSION = YES;
				CLANG_WARN_OBJC_ROOT_CLASS = YES_ERROR;
				CLANG_WARN_QUOTED_INCLUDE_IN_FRAMEWORK_HEADER = YES;
				CLANG_WARN_RANGE_LOOP_ANALYSIS = YES;
				CLANG_WARN_STRICT_PROTOTYPES = YES;
				CLANG_WARN_SUSPICIOUS_MOVE = YES;
				CLANG_WARN_UNGUARDED_AVAILABILITY = YES_AGGRESSIVE;
				CLANG_WARN_UNREACHABLE_CODE = YES;
				CLANG_WARN__DUPLICATE_METHOD_MATCH = YES;
				COPY_PHASE_STRIP = NO;
				DEAD_CODE_STRIPPING = YES;
				DEBUG_INFORMATION_FORMAT = dwarf;
				ENABLE_STRICT_OBJC_MSGSEND = YES;
				ENABLE_TESTABILITY = YES;
				ENABLE_USER_SCRIPT_SANDBOXING = YES;
				GCC_C_LANGUAGE_STANDARD = gnu17;
				GCC_DYNAMIC_NO_PIC = NO;
				GCC_NO_COMMON_BLOCKS = YES;
				GCC_OPTIMIZATION_LEVEL = 0;
				GCC_PREPROCESSOR_DEFINITIONS = (
					"DEBUG=1",
					"$(inherited)",
				);
				GCC_WARN_64_TO_32_BIT_CONVERSION = YES;
				GCC_WARN_ABOUT_RETURN_TYPE = YES_ERROR;
				GCC_WARN_UNDECLARED_SELECTOR = YES;
				GCC_WARN_UNINITIALIZED_AUTOS = YES_AGGRESSIVE;
				GCC_WARN_UNUSED_FUNCTION = YES;
				GCC_WARN_UNUSED_VARIABLE = YES;
				"HEADER_SEARCH_PATHS[arch=*]" = /opt/homebrew/Cellar/glfw/3.4/include;
				LOCALIZATION_PREFERS_STRING_CATALOGS = YES;
				MACOSX_DEPLOYMENT_TARGET = "$(RECOMMENDED_MACOSX_DEPLOYMENT_TARGET)";
				MTL_ENABLE_DEBUG_INFO = INCLUDE_SOURCE;
				MTL_FAST_MATH = YES;
				ONLY_ACTIVE_ARCH = YES;
				SDKROOT = macosx;
			};
			name = Debug;
		};
		FBB60DE52BDC03E50029473C /* Release */ = {
			isa = XCBuildConfiguration;
			buildSettings = {
				ALWAYS_SEARCH_USER_PATHS = NO;
				ASSETCATALOG_COMPILER_GENERATE_SWIFT_ASSET_SYMBOL_EXTENSIONS = YES;
				CLANG_ANALYZER_NONNULL = YES;
				CLANG_ANALYZER_NUMBER_OBJECT_CONVERSION = YES_AGGRESSIVE;
				CLANG_CXX_LANGUAGE_STANDARD = "gnu++20";
				CLANG_ENABLE_MODULES = YES;
				CLANG_ENABLE_OBJC_ARC = YES;
				CLANG_ENABLE_OBJC_WEAK = YES;
				CLANG_WARN_BLOCK_CAPTURE_AUTORELEASING = YES;
				CLANG_WARN_BOOL_CONVERSION = YES;
				CLANG_WARN_COMMA = YES;
				CLANG_WARN_CONSTANT_CONVERSION = YES;
				CLANG_WARN_DEPRECATED_OBJC_IMPLEMENTATIONS = YES;
				CLANG_WARN_DIRECT_OBJC_ISA_USAGE = YES_ERROR;
				CLANG_WARN_DOCUMENTATION_COMMENTS = YES;
				CLANG_WARN_EMPTY_BODY = YES;
				CLANG_WARN_ENUM_CONVERSION = YES;
				CLANG_WARN_INFINITE_RECURSION = YES;
				CLANG_WARN_INT_CONVERSION = YES;
				CLANG_WARN_NON_LITERAL_NULL_CONVERSION = YES;
				CLANG_WARN_OBJC_IMPLICIT_RETAIN_SELF = YES;
				CLANG_WARN_OBJC_LITERAL_CONVERSION = YES;
				CLANG_WARN_OBJC_ROOT_CLASS = YES_ERROR;
				CLANG_WARN_QUOTED_INCLUDE_IN_FRAMEWORK_HEADER = YES;
				CLANG_WARN_RANGE_LOOP_ANALYSIS = YES;
				CLANG_WARN_STRICT_PROTOTYPES = YES;
				CLANG_WARN_SUSPICIOUS_MOVE = YES;
				CLANG_WARN_UNGUARDED_AVAILABILITY = YES_AGGRESSIVE;
				CLANG_WARN_UNREACHABLE_CODE = YES;
				CLANG_WARN__DUPLICATE_METHOD_MATCH = YES;
				COPY_PHASE_STRIP = NO;
				DEAD_CODE_STRIPPING = YES;
				DEBUG_INFORMATION_FORMAT = "dwarf-with-dsym";
				ENABLE_NS_ASSERTIONS = NO;
				ENABLE_STRICT_OBJC_MSGSEND = YES;
				ENABLE_USER_SCRIPT_SANDBOXING = YES;
				GCC_C_LANGUAGE_STANDARD = gnu17;
				GCC_NO_COMMON_BLOCKS = YES;
				GCC_OPTIMIZATION_LEVEL = 3;
				GCC_WARN_64_TO_32_BIT_CONVERSION = YES;
				GCC_WARN_ABOUT_RETURN_TYPE = YES_ERROR;
				GCC_WARN_UNDECLARED_SELECTOR = YES;
				GCC_WARN_UNINITIALIZED_AUTOS = YES_AGGRESSIVE;
				GCC_WARN_UNUSED_FUNCTION = YES;
				GCC_WARN_UNUSED_VARIABLE = YES;
				"HEADER_SEARCH_PATHS[arch=*]" = /opt/homebrew/Cellar/glfw/3.4/include;
				LOCALIZATION_PREFERS_STRING_CATALOGS = YES;
				MACOSX_DEPLOYMENT_TARGET = "$(RECOMMENDED_MACOSX_DEPLOYMENT_TARGET)";
				MTL_ENABLE_DEBUG_INFO = NO;
				MTL_FAST_MATH = YES;
				SDKROOT = macosx;
			};
			name = Release;
		};
		FBB60DE72BDC03E50029473C /* Debug */ = {
			isa = XCBuildConfiguration;
			buildSettings = {
				CODE_SIGN_STYLE = Automatic;
				DEAD_CODE_STRIPPING = YES;
				LIBRARY_SEARCH_PATHS = (
					"$(inherited)",
					/opt/homebrew/Cellar/glfw/3.4/lib,
				);
				MACOSX_DEPLOYMENT_TARGET = 11.0;
				PRODUCT_NAME = "$(TARGET_NAME)";
			};
			name = Debug;
		};
		FBB60DE82BDC03E50029473C /* Release */ = {
			isa = XCBuildConfiguration;
			buildSettings = {
				CODE_SIGN_STYLE = Automatic;
				DEAD_CODE_STRIPPING = YES;
				LIBRARY_SEARCH_PATHS = (
					"$(inherited)",
					/opt/homebrew/Cellar/glfw/3.4/lib,
				);
				MACOSX_DEPLOYMENT_TARGET = 11.0;
				PRODUCT_NAME = "$(TARGET_NAME)";
			};
			name = Release;
		};
/* End XCBuildConfiguration section */

/* Begin XCConfigurationList section */
		FBB60DDA2BDC03E50029473C /* Build configuration list for PBXProject "GPU2DComposer" */ = {
			isa = XCConfigurationList;
			buildConfigurations = (
				FBB60DE42BDC03E50029473C /* Debug */,
				FBB60DE52BDC03E50029473C /* Release */,
			);
			defaultConfigurationIsVisible = 0;
			defaultConfigurationName = Release;
		};
		FBB60DE62BDC03E50029473C /* Build configuration list for PBXNativeTarget "GPU2DComposer" */ = {
			isa = XCConfigurationList;
			buildConfigurations = (
				FBB60DE72BDC03E50029473C /* Debug */,
				FBB60DE82BDC03E50029473C /* Release */,
			);
			defaultConfigurationIsVisible = 0;
			defaultConfigurationName = Release;
		};
/* End XCConfigurationList section */
	};
	rootObject = FBB60DD72BDC03E50029473C /* Project object */;
}
